// !$*UTF8*$!
{
	archiveVersion = 1;
	classes = {
	};
	objectVersion = 48;
	objects = {

/* Begin PBXBuildFile section */
		93C698D8204B8E74005FA129 /* AppDelegate.swift in Sources */ = {isa = PBXBuildFile; fileRef = 93C698D7204B8E74005FA129 /* AppDelegate.swift */; };
		93C698DA204B8E74005FA129 /* ViewController.swift in Sources */ = {isa = PBXBuildFile; fileRef = 93C698D9204B8E74005FA129 /* ViewController.swift */; };
		93C698DD204B8E74005FA129 /* Main.storyboard in Resources */ = {isa = PBXBuildFile; fileRef = 93C698DB204B8E74005FA129 /* Main.storyboard */; };
		93C698DF204B8E74005FA129 /* Assets.xcassets in Resources */ = {isa = PBXBuildFile; fileRef = 93C698DE204B8E74005FA129 /* Assets.xcassets */; };
		93C698E2204B8E74005FA129 /* LaunchScreen.storyboard in Resources */ = {isa = PBXBuildFile; fileRef = 93C698E0204B8E74005FA129 /* LaunchScreen.storyboard */; };
		93C698EA204B8EF4005FA129 /* sortednames.plist in Resources */ = {isa = PBXBuildFile; fileRef = 93C698E9204B8EF4005FA129 /* sortednames.plist */; };
		93C698EC204C45D7005FA129 /* SearchResultsControllerTableViewController.swift in Sources */ = {isa = PBXBuildFile; fileRef = 93C698EB204C45D7005FA129 /* SearchResultsControllerTableViewController.swift */; };
/* End PBXBuildFile section */

/* Begin PBXFileReference section */
		93C698D4204B8E74005FA129 /* Sections.app */ = {isa = PBXFileReference; explicitFileType = wrapper.application; includeInIndex = 0; path = Sections.app; sourceTree = BUILT_PRODUCTS_DIR; };
		93C698D7204B8E74005FA129 /* AppDelegate.swift */ = {isa = PBXFileReference; lastKnownFileType = sourcecode.swift; path = AppDelegate.swift; sourceTree = "<group>"; };
		93C698D9204B8E74005FA129 /* ViewController.swift */ = {isa = PBXFileReference; lastKnownFileType = sourcecode.swift; path = ViewController.swift; sourceTree = "<group>"; };
		93C698DC204B8E74005FA129 /* Base */ = {isa = PBXFileReference; lastKnownFileType = file.storyboard; name = Base; path = Base.lproj/Main.storyboard; sourceTree = "<group>"; };
		93C698DE204B8E74005FA129 /* Assets.xcassets */ = {isa = PBXFileReference; lastKnownFileType = folder.assetcatalog; path = Assets.xcassets; sourceTree = "<group>"; };
		93C698E1204B8E74005FA129 /* Base */ = {isa = PBXFileReference; lastKnownFileType = file.storyboard; name = Base; path = Base.lproj/LaunchScreen.storyboard; sourceTree = "<group>"; };
		93C698E3204B8E74005FA129 /* Info.plist */ = {isa = PBXFileReference; lastKnownFileType = text.plist.xml; path = Info.plist; sourceTree = "<group>"; };
		93C698E9204B8EF4005FA129 /* sortednames.plist */ = {isa = PBXFileReference; fileEncoding = 4; lastKnownFileType = text.plist.xml; path = sortednames.plist; sourceTree = "<group>"; };
		93C698EB204C45D7005FA129 /* SearchResultsControllerTableViewController.swift */ = {isa = PBXFileReference; lastKnownFileType = sourcecode.swift; path = SearchResultsControllerTableViewController.swift; sourceTree = "<group>"; };
/* End PBXFileReference section */

/* Begin PBXFrameworksBuildPhase section */
		93C698D1204B8E74005FA129 /* Frameworks */ = {
			isa = PBXFrameworksBuildPhase;
			buildActionMask = 2147483647;
			files = (
			);
			runOnlyForDeploymentPostprocessing = 0;
		};
/* End PBXFrameworksBuildPhase section */

/* Begin PBXGroup section */
		93C698CB204B8E74005FA129 = {
			isa = PBXGroup;
			children = (
				93C698D6204B8E74005FA129 /* Sections */,
				93C698D5204B8E74005FA129 /* Products */,
			);
			sourceTree = "<group>";
		};
		93C698D5204B8E74005FA129 /* Products */ = {
			isa = PBXGroup;
			children = (
				93C698D4204B8E74005FA129 /* Sections.app */,
			);
			name = Products;
			sourceTree = "<group>";
		};
		93C698D6204B8E74005FA129 /* Sections */ = {
			isa = PBXGroup;
			children = (
				93C698D7204B8E74005FA129 /* AppDelegate.swift */,
				93C698EB204C45D7005FA129 /* SearchResultsControllerTableViewController.swift */,
				93C698D9204B8E74005FA129 /* ViewController.swift */,
				93C698DB204B8E74005FA129 /* Main.storyboard */,
				93C698DE204B8E74005FA129 /* Assets.xcassets */,
				93C698E0204B8E74005FA129 /* LaunchScreen.storyboard */,
				93C698E3204B8E74005FA129 /* Info.plist */,
				93C698E9204B8EF4005FA129 /* sortednames.plist */,
			);
			path = Sections;
			sourceTree = "<group>";
		};
/* End PBXGroup section */

/* Begin PBXNativeTarget section */
		93C698D3204B8E74005FA129 /* Sections */ = {
			isa = PBXNativeTarget;
			buildConfigurationList = 93C698E6204B8E74005FA129 /* Build configuration list for PBXNativeTarget "Sections" */;
			buildPhases = (
				93C698D0204B8E74005FA129 /* Sources */,
				93C698D1204B8E74005FA129 /* Frameworks */,
				93C698D2204B8E74005FA129 /* Resources */,
			);
			buildRules = (
			);
			dependencies = (
			);
			name = Sections;
			productName = Sections;
			productReference = 93C698D4204B8E74005FA129 /* Sections.app */;
			productType = "com.apple.product-type.application";
		};
/* End PBXNativeTarget section */

/* Begin PBXProject section */
		93C698CC204B8E74005FA129 /* Project object */ = {
			isa = PBXProject;
			attributes = {
				LastSwiftUpdateCheck = 0920;
				LastUpgradeCheck = 0920;
				ORGANIZATIONNAME = "Erin Dougher";
				TargetAttributes = {
					93C698D3204B8E74005FA129 = {
						CreatedOnToolsVersion = 9.2;
						ProvisioningStyle = Automatic;
					};
				};
			};
			buildConfigurationList = 93C698CF204B8E74005FA129 /* Build configuration list for PBXProject "Sections" */;
			compatibilityVersion = "Xcode 8.0";
			developmentRegion = en;
			hasScannedForEncodings = 0;
			knownRegions = (
				en,
				Base,
			);
			mainGroup = 93C698CB204B8E74005FA129;
			productRefGroup = 93C698D5204B8E74005FA129 /* Products */;
			projectDirPath = "";
			projectRoot = "";
			targets = (
				93C698D3204B8E74005FA129 /* Sections */,
			);
		};
/* End PBXProject section */

/* Begin PBXResourcesBuildPhase section */
		93C698D2204B8E74005FA129 /* Resources */ = {
			isa = PBXResourcesBuildPhase;
			buildActionMask = 2147483647;
			files = (
				93C698EA204B8EF4005FA129 /* sortednames.plist in Resources */,
				93C698E2204B8E74005FA129 /* LaunchScreen.storyboard in Resources */,
				93C698DF204B8E74005FA129 /* Assets.xcassets in Resources */,
				93C698DD204B8E74005FA129 /* Main.storyboard in Resources */,
			);
			runOnlyForDeploymentPostprocessing = 0;
		};
/* End PBXResourcesBuildPhase section */

/* Begin PBXSourcesBuildPhase section */
		93C698D0204B8E74005FA129 /* Sources */ = {
			isa = PBXSourcesBuildPhase;
			buildActionMask = 2147483647;
			files = (
				93C698DA204B8E74005FA129 /* ViewController.swift in Sources */,
				93C698EC204C45D7005FA129 /* SearchResultsControllerTableViewController.swift in Sources */,
				93C698D8204B8E74005FA129 /* AppDelegate.swift in Sources */,
			);
			runOnlyForDeploymentPostprocessing = 0;
		};
/* End PBXSourcesBuildPhase section */

/* Begin PBXVariantGroup section */
		93C698DB204B8E74005FA129 /* Main.storyboard */ = {
			isa = PBXVariantGroup;
			children = (
				93C698DC204B8E74005FA129 /* Base */,
			);
			name = Main.storyboard;
			sourceTree = "<group>";
		};
		93C698E0204B8E74005FA129 /* LaunchScreen.storyboard */ = {
			isa = PBXVariantGroup;
			children = (
				93C698E1204B8E74005FA129 /* Base */,
			);
			name = LaunchScreen.storyboard;
			sourceTree = "<group>";
		};
/* End PBXVariantGroup section */

/* Begin XCBuildConfiguration section */
		93C698E4204B8E74005FA129 /* Debug */ = {
			isa = XCBuildConfiguration;
			buildSettings = {
				ALWAYS_SEARCH_USER_PATHS = NO;
				CLANG_ANALYZER_NONNULL = YES;
				CLANG_ANALYZER_NUMBER_OBJECT_CONVERSION = YES_AGGRESSIVE;
				CLANG_CXX_LANGUAGE_STANDARD = "gnu++14";
				CLANG_CXX_LIBRARY = "libc++";
				CLANG_ENABLE_MODULES = YES;
				CLANG_ENABLE_OBJC_ARC = YES;
				CLANG_WARN_BLOCK_CAPTURE_AUTORELEASING = YES;
				CLANG_WARN_BOOL_CONVERSION = YES;
				CLANG_WARN_COMMA = YES;
				CLANG_WARN_CONSTANT_CONVERSION = YES;
				CLANG_WARN_DIRECT_OBJC_ISA_USAGE = YES_ERROR;
				CLANG_WARN_DOCUMENTATION_COMMENTS = YES;
				CLANG_WARN_EMPTY_BODY = YES;
				CLANG_WARN_ENUM_CONVERSION = YES;
				CLANG_WARN_INFINITE_RECURSION = YES;
				CLANG_WARN_INT_CONVERSION = YES;
				CLANG_WARN_NON_LITERAL_NULL_CONVERSION = YES;
				CLANG_WARN_OBJC_LITERAL_CONVERSION = YES;
				CLANG_WARN_OBJC_ROOT_CLASS = YES_ERROR;
				CLANG_WARN_RANGE_LOOP_ANALYSIS = YES;
				CLANG_WARN_STRICT_PROTOTYPES = YES;
				CLANG_WARN_SUSPICIOUS_MOVE = YES;
				CLANG_WARN_UNGUARDED_AVAILABILITY = YES_AGGRESSIVE;
				CLANG_WARN_UNREACHABLE_CODE = YES;
				CLANG_WARN__DUPLICATE_METHOD_MATCH = YES;
				CODE_SIGN_IDENTITY = "iPhone Developer";
				COPY_PHASE_STRIP = NO;
				DEBUG_INFORMATION_FORMAT = dwarf;
				ENABLE_STRICT_OBJC_MSGSEND = YES;
				ENABLE_TESTABILITY = YES;
				GCC_C_LANGUAGE_STANDARD = gnu11;
				GCC_DYNAMIC_NO_PIC = NO;
				GCC_NO_COMMON_BLOCKS = YES;
				GCC_OPTIMIZATION_LEVEL = 0;
				GCC_PREPROCESSOR_DEFINITIONS = (
					"DEBUG=1",
					"$(inherited)",
				);
				GCC_WARN_64_TO_32_BIT_CONVERSION = YES;
				GCC_WARN_ABOUT_RETURN_TYPE = YES_ERROR;
				GCC_WARN_UNDECLARED_SELECTOR = YES;
				GCC_WARN_UNINITIALIZED_AUTOS = YES_AGGRESSIVE;
				GCC_WARN_UNUSED_FUNCTION = YES;
				GCC_WARN_UNUSED_VARIABLE = YES;
				IPHONEOS_DEPLOYMENT_TARGET = 11.2;
				MTL_ENABLE_DEBUG_INFO = YES;
				ONLY_ACTIVE_ARCH = YES;
				SDKROOT = iphoneos;
				SWIFT_ACTIVE_COMPILATION_CONDITIONS = DEBUG;
				SWIFT_OPTIMIZATION_LEVEL = "-Onone";
			};
			name = Debug;
		};
		93C698E5204B8E74005FA129 /* Release */ = {
			isa = XCBuildConfiguration;
			buildSettings = {
				ALWAYS_SEARCH_USER_PATHS = NO;
				CLANG_ANALYZER_NONNULL = YES;
				CLANG_ANALYZER_NUMBER_OBJECT_CONVERSION = YES_AGGRESSIVE;
				CLANG_CXX_LANGUAGE_STANDARD = "gnu++14";
				CLANG_CXX_LIBRARY = "libc++";
				CLANG_ENABLE_MODULES = YES;
				CLANG_ENABLE_OBJC_ARC = YES;
				CLANG_WARN_BLOCK_CAPTURE_AUTORELEASING = YES;
				CLANG_WARN_BOOL_CONVERSION = YES;
				CLANG_WARN_COMMA = YES;
				CLANG_WARN_CONSTANT_CONVERSION = YES;
				CLANG_WARN_DIRECT_OBJC_ISA_USAGE = YES_ERROR;
				CLANG_WARN_DOCUMENTATION_COMMENTS = YES;
				CLANG_WARN_EMPTY_BODY = YES;
				CLANG_WARN_ENUM_CONVERSION = YES;
				CLANG_WARN_INFINITE_RECURSION = YES;
				CLANG_WARN_INT_CONVERSION = YES;
				CLANG_WARN_NON_LITERAL_NULL_CONVERSION = YES;
				CLANG_WARN_OBJC_LITERAL_CONVERSION = YES;
				CLANG_WARN_OBJC_ROOT_CLASS = YES_ERROR;
				CLANG_WARN_RANGE_LOOP_ANALYSIS = YES;
				CLANG_WARN_STRICT_PROTOTYPES = YES;
				CLANG_WARN_SUSPICIOUS_MOVE = YES;
				CLANG_WARN_UNGUARDED_AVAILABILITY = YES_AGGRESSIVE;
				CLANG_WARN_UNREACHABLE_CODE = YES;
				CLANG_WARN__DUPLICATE_METHOD_MATCH = YES;
				CODE_SIGN_IDENTITY = "iPhone Developer";
				COPY_PHASE_STRIP = NO;
				DEBUG_INFORMATION_FORMAT = "dwarf-with-dsym";
				ENABLE_NS_ASSERTIONS = NO;
				ENABLE_STRICT_OBJC_MSGSEND = YES;
				GCC_C_LANGUAGE_STANDARD = gnu11;
				GCC_NO_COMMON_BLOCKS = YES;
				GCC_WARN_64_TO_32_BIT_CONVERSION = YES;
				GCC_WARN_ABOUT_RETURN_TYPE = YES_ERROR;
				GCC_WARN_UNDECLARED_SELECTOR = YES;
				GCC_WARN_UNINITIALIZED_AUTOS = YES_AGGRESSIVE;
				GCC_WARN_UNUSED_FUNCTION = YES;
				GCC_WARN_UNUSED_VARIABLE = YES;
				IPHONEOS_DEPLOYMENT_TARGET = 11.2;
				MTL_ENABLE_DEBUG_INFO = NO;
				SDKROOT = iphoneos;
				SWIFT_OPTIMIZATION_LEVEL = "-Owholemodule";
				VALIDATE_PRODUCT = YES;
			};
			name = Release;
		};
		93C698E7204B8E74005FA129 /* Debug */ = {
			isa = XCBuildConfiguration;
			buildSettings = {
				ASSETCATALOG_COMPILER_APPICON_NAME = AppIcon;
				CODE_SIGN_STYLE = Automatic;
				INFOPLIST_FILE = Sections/Info.plist;
				LD_RUNPATH_SEARCH_PATHS = "$(inherited) @executable_path/Frameworks";
				PRODUCT_BUNDLE_IDENTIFIER = Dougher.Sections;
				PRODUCT_NAME = "$(TARGET_NAME)";
				SWIFT_VERSION = 4.0;
				TARGETED_DEVICE_FAMILY = "1,2";
			};
			name = Debug;
		};
		93C698E8204B8E74005FA129 /* Release */ = {
			isa = XCBuildConfiguration;
			buildSettings = {
				ASSETCATALOG_COMPILER_APPICON_NAME = AppIcon;
				CODE_SIGN_STYLE = Automatic;
				INFOPLIST_FILE = Sections/Info.plist;
				LD_RUNPATH_SEARCH_PATHS = "$(inherited) @executable_path/Frameworks";
				PRODUCT_BUNDLE_IDENTIFIER = Dougher.Sections;
				PRODUCT_NAME = "$(TARGET_NAME)";
				SWIFT_VERSION = 4.0;
				TARGETED_DEVICE_FAMILY = "1,2";
			};
			name = Release;
		};
/* End XCBuildConfiguration section */

/* Begin XCConfigurationList section */
		93C698CF204B8E74005FA129 /* Build configuration list for PBXProject "Sections" */ = {
			isa = XCConfigurationList;
			buildConfigurations = (
				93C698E4204B8E74005FA129 /* Debug */,
				93C698E5204B8E74005FA129 /* Release */,
			);
			defaultConfigurationIsVisible = 0;
			defaultConfigurationName = Release;
		};
		93C698E6204B8E74005FA129 /* Build configuration list for PBXNativeTarget "Sections" */ = {
			isa = XCConfigurationList;
			buildConfigurations = (
				93C698E7204B8E74005FA129 /* Debug */,
				93C698E8204B8E74005FA129 /* Release */,
			);
			defaultConfigurationIsVisible = 0;
			defaultConfigurationName = Release;
		};
/* End XCConfigurationList section */
	};
	rootObject = 93C698CC204B8E74005FA129 /* Project object */;
}
